
Microsoft Visual Studio Solution File, Format Version 10.00
# Visual Studio 2008
Project("{FAE04EC0-301F-11D3-BF4B-00C04F79EFBC}") = "WebSocketSharp.NetCore", "WebSocketSharp.NetCore\WebSocketSharp.NetCore.csproj", "{C763D900-12F9-4264-BB2B-D591AEBD8064}"
EndProject
Project("{2150E333-8FDC-42A3-9474-1A3956D46DE8}") = "Examples", "Examples", "{E15CB7D3-1999-4894-9FA6-FB3A43DF408D}"
EndProject
Project("{FAE04EC0-301F-11D3-BF4B-00C04F79EFBC}") = "WebSocketSharp.NetCore.Example", "WebSocketSharp.NetCore.Example\WebSocketSharp.NetCore.Example.csproj", "{DDDB113F-961B-4CF6-92DD-3248B9C90A3D}"
EndProject
Project("{FAE04EC0-301F-11D3-BF4B-00C04F79EFBC}") = "WebSocketSharp.NetCore.Example1", "WebSocketSharp.NetCore.Example1\WebSocketSharp.NetCore.Example1.csproj", "{ECA794BC-B432-499F-8D7E-3E7381B55313}"
EndProject
Project("{FAE04EC0-301F-11D3-BF4B-00C04F79EFBC}") = "WebSocketSharp.NetCore.Example2", "WebSocketSharp.NetCore.Example2\WebSocketSharp.NetCore.Example2.csproj", "{A46C2B43-269B-490A-BB4E-D399B566781D}"
EndProject
Project("{FAE04EC0-301F-11D3-BF4B-00C04F79EFBC}") = "WebSocketSharp.NetCore.Example3", "WebSocketSharp.NetCore.Example3\WebSocketSharp.NetCore.Example3.csproj", "{2EF91520-866C-48A1-BAFB-227790D05876}"
EndProject
Project("{FAE04EC0-301F-11D3-BF4B-00C04F79EFBC}") = "WebSocketSharp.NetCore.Tests", "WebSocketSharp.NetCore.Tests\WebSocketSharp.NetCore.Tests.csproj", "{FAFC3C4E-6E0D-4D84-A493-2D5C3B39F6E0}"
EndProject
Global
	GlobalSection(SolutionConfigurationPlatforms) = preSolution
		Debug|Any CPU = Debug|Any CPU
		Release|Any CPU = Release|Any CPU
		Debug_Ubuntu|Any CPU = Debug_Ubuntu|Any CPU
		Release_Ubuntu|Any CPU = Release_Ubuntu|Any CPU
	EndGlobalSection
	GlobalSection(ProjectConfigurationPlatforms) = postSolution
		{C763D900-12F9-4264-BB2B-D591AEBD8064}.Debug|Any CPU.ActiveCfg = Debug|Any CPU
		{C763D900-12F9-4264-BB2B-D591AEBD8064}.Debug|Any CPU.Build.0 = Debug|Any CPU
		{C763D900-12F9-4264-BB2B-D591AEBD8064}.Release|Any CPU.ActiveCfg = Release|Any CPU
		{C763D900-12F9-4264-BB2B-D591AEBD8064}.Release|Any CPU.Build.0 = Release|Any CPU
		{C763D900-12F9-4264-BB2B-D591AEBD8064}.Debug_Ubuntu|Any CPU.ActiveCfg = Debug|Any CPU
		{C763D900-12F9-4264-BB2B-D591AEBD8064}.Debug_Ubuntu|Any CPU.Build.0 = Debug|Any CPU
		{C763D900-12F9-4264-BB2B-D591AEBD8064}.Release_Ubuntu|Any CPU.ActiveCfg = Debug|Any CPU
		{C763D900-12F9-4264-BB2B-D591AEBD8064}.Release_Ubuntu|Any CPU.Build.0 = Debug|Any CPU
		{DDDB113F-961B-4CF6-92DD-3248B9C90A3D}.Debug|Any CPU.ActiveCfg = Debug|Any CPU
		{DDDB113F-961B-4CF6-92DD-3248B9C90A3D}.Debug|Any CPU.Build.0 = Debug|Any CPU
		{DDDB113F-961B-4CF6-92DD-3248B9C90A3D}.Release|Any CPU.ActiveCfg = Release|Any CPU
		{DDDB113F-961B-4CF6-92DD-3248B9C90A3D}.Release|Any CPU.Build.0 = Release|Any CPU
		{DDDB113F-961B-4CF6-92DD-3248B9C90A3D}.Debug_Ubuntu|Any CPU.ActiveCfg = Debug|Any CPU
		{DDDB113F-961B-4CF6-92DD-3248B9C90A3D}.Debug_Ubuntu|Any CPU.Build.0 = Debug|Any CPU
		{DDDB113F-961B-4CF6-92DD-3248B9C90A3D}.Release_Ubuntu|Any CPU.ActiveCfg = Debug|Any CPU
		{DDDB113F-961B-4CF6-92DD-3248B9C90A3D}.Release_Ubuntu|Any CPU.Build.0 = Debug|Any CPU
		{ECA794BC-B432-499F-8D7E-3E7381B55313}.Debug|Any CPU.ActiveCfg = Debug|Any CPU
		{ECA794BC-B432-499F-8D7E-3E7381B55313}.Debug|Any CPU.Build.0 = Debug|Any CPU
		{ECA794BC-B432-499F-8D7E-3E7381B55313}.Release|Any CPU.ActiveCfg = Release|Any CPU
		{ECA794BC-B432-499F-8D7E-3E7381B55313}.Release|Any CPU.Build.0 = Release|Any CPU
		{ECA794BC-B432-499F-8D7E-3E7381B55313}.Debug_Ubuntu|Any CPU.ActiveCfg = Debug|Any CPU
		{ECA794BC-B432-499F-8D7E-3E7381B55313}.Debug_Ubuntu|Any CPU.Build.0 = Debug|Any CPU
		{ECA794BC-B432-499F-8D7E-3E7381B55313}.Release_Ubuntu|Any CPU.ActiveCfg = Debug|Any CPU
		{ECA794BC-B432-499F-8D7E-3E7381B55313}.Release_Ubuntu|Any CPU.Build.0 = Debug|Any CPU
		{A46C2B43-269B-490A-BB4E-D399B566781D}.Debug|Any CPU.ActiveCfg = Debug|Any CPU
		{A46C2B43-269B-490A-BB4E-D399B566781D}.Debug|Any CPU.Build.0 = Debug|Any CPU
		{A46C2B43-269B-490A-BB4E-D399B566781D}.Release|Any CPU.ActiveCfg = Release|Any CPU
		{A46C2B43-269B-490A-BB4E-D399B566781D}.Release|Any CPU.Build.0 = Release|Any CPU
		{A46C2B43-269B-490A-BB4E-D399B566781D}.Debug_Ubuntu|Any CPU.ActiveCfg = Debug|Any CPU
		{A46C2B43-269B-490A-BB4E-D399B566781D}.Debug_Ubuntu|Any CPU.Build.0 = Debug|Any CPU
		{A46C2B43-269B-490A-BB4E-D399B566781D}.Release_Ubuntu|Any CPU.ActiveCfg = Debug|Any CPU
		{A46C2B43-269B-490A-BB4E-D399B566781D}.Release_Ubuntu|Any CPU.Build.0 = Debug|Any CPU
		{2EF91520-866C-48A1-BAFB-227790D05876}.Debug|Any CPU.ActiveCfg = Debug|Any CPU
		{2EF91520-866C-48A1-BAFB-227790D05876}.Debug|Any CPU.Build.0 = Debug|Any CPU
		{2EF91520-866C-48A1-BAFB-227790D05876}.Release|Any CPU.ActiveCfg = Release|Any CPU
		{2EF91520-866C-48A1-BAFB-227790D05876}.Release|Any CPU.Build.0 = Release|Any CPU
		{2EF91520-866C-48A1-BAFB-227790D05876}.Debug_Ubuntu|Any CPU.ActiveCfg = Debug|Any CPU
		{2EF91520-866C-48A1-BAFB-227790D05876}.Debug_Ubuntu|Any CPU.Build.0 = Debug|Any CPU
		{2EF91520-866C-48A1-BAFB-227790D05876}.Release_Ubuntu|Any CPU.ActiveCfg = Debug|Any CPU
		{2EF91520-866C-48A1-BAFB-227790D05876}.Release_Ubuntu|Any CPU.Build.0 = Debug|Any CPU
		{FAFC3C4E-6E0D-4D84-A493-2D5C3B39F6E0}.Debug|Any CPU.ActiveCfg = Debug|Any CPU
		{FAFC3C4E-6E0D-4D84-A493-2D5C3B39F6E0}.Debug|Any CPU.Build.0 = Debug|Any CPU
		{FAFC3C4E-6E0D-4D84-A493-2D5C3B39F6E0}.Release|Any CPU.ActiveCfg = Release|Any CPU
		{FAFC3C4E-6E0D-4D84-A493-2D5C3B39F6E0}.Release|Any CPU.Build.0 = Release|Any CPU
		{FAFC3C4E-6E0D-4D84-A493-2D5C3B39F6E0}.Debug_Ubuntu|Any CPU.ActiveCfg = Debug|Any CPU
		{FAFC3C4E-6E0D-4D84-A493-2D5C3B39F6E0}.Debug_Ubuntu|Any CPU.Build.0 = Debug|Any CPU
		{FAFC3C4E-6E0D-4D84-A493-2D5C3B39F6E0}.Release_Ubuntu|Any CPU.ActiveCfg = Debug|Any CPU
		{FAFC3C4E-6E0D-4D84-A493-2D5C3B39F6E0}.Release_Ubuntu|Any CPU.Build.0 = Debug|Any CPU
	EndGlobalSection
	GlobalSection(MonoDevelopProperties) = preSolution
		StartupItem = websocket-sharp\websocket-sharp.csproj
		Policies = $0
		$0.TextStylePolicy = $1
		$1.inheritsSet = null
		$1.scope = text/x-csharp
		$0.CSharpFormattingPolicy = $2
		$2.inheritsSet = Mono
		$2.inheritsScope = text/x-csharp
		$2.scope = text/x-csharp
	EndGlobalSection
	GlobalSection(NestedProjects) = preSolution
		{DDDB113F-961B-4CF6-92DD-3248B9C90A3D} = {E15CB7D3-1999-4894-9FA6-FB3A43DF408D}
		{ECA794BC-B432-499F-8D7E-3E7381B55313} = {E15CB7D3-1999-4894-9FA6-FB3A43DF408D}
		{A46C2B43-269B-490A-BB4E-D399B566781D} = {E15CB7D3-1999-4894-9FA6-FB3A43DF408D}
		{2EF91520-866C-48A1-BAFB-227790D05876} = {E15CB7D3-1999-4894-9FA6-FB3A43DF408D}
	EndGlobalSection
EndGlobal
